{
	"name": "@saga/viewer",
	"version": "0.0.0",
	"lockfileVersion": 2,
	"requires": true,
	"packages": {
		"": {
			"name": "@saga/viewer",
			"version": "0.0.0",
			"license": "ISC",
			"dependencies": {
				"dicom-parser": "^1.8.7"
			}
		},
		"node_modules/dicom-parser": {
			"version": "1.8.7",
			"resolved": "https://registry.nlark.com/dicom-parser/download/dicom-parser-1.8.7.tgz",
			"integrity": "sha1-Nt8V+LQlDlbxZNilBITEXgpWaN4="
		}
	},
	"dependencies": {
		"dicom-parser": {
			"version": "1.8.7",
			"resolved": "https://registry.nlark.com/dicom-parser/download/dicom-parser-1.8.7.tgz",
			"integrity": "sha1-Nt8V+LQlDlbxZNilBITEXgpWaN4="
		}
	}
}
